# This file is automatically @generated by Cargo.
# It is not intended for manual editing.
version = 4

[[package]]
name = "libc"
version = "0.2.190"
source = "registry+https://github.com/rust-lang/crates.io-index"
checksum = "ce5d3ddc6d3fa000eb1536d85e147bfe31aacaba692ed6a876f95cb7c855be78"

[[package]]
name = "noprop"
version = "0.2.1"
source = "registry+https://github.com/rust-lang/crates.io-index"
checksum = "4b59efba88ff29e9fb1fea914a60aa69aea73f02f2bcbd76b369f7a07cdda95a"

[[package]]
name = "tuinix"
version = "0.7.1"
dependencies = [
 "libc",
 "noprop",
]
